{
  "version": 4,
  "terraform_version": "1.3.7",
  "serial": 4,
  "lineage": "974bace5-6233-2cfc-2e3c-549dd0abe8ce",
  "outputs": {},
  "resources": [
    {
      "mode": "managed",
      "type": "digitalocean_droplet",
      "name": "web",
      "provider": "provider[\"registry.terraform.io/digitalocean/digitalocean\"]",
      "instances": [
        {
          "schema_version": 1,
          "attributes": {
            "backups": false,
            "created_at": "2023-12-07T15:29:29Z",
            "disk": 25,
            "droplet_agent": null,
            "graceful_shutdown": false,
            "id": "388969467",
            "image": "ubuntu-22-04-x64",
            "ipv4_address": "143.244.152.38",
            "ipv4_address_private": "10.116.0.2",
            "ipv6": false,
            "ipv6_address": "",
            "locked": false,
            "memory": 1024,
            "monitoring": false,
            "name": "wevm-labs",
            "price_hourly": 0.00893,
            "price_monthly": 6,
            "private_networking": true,
            "region": "nyc1",
            "resize_disk": true,
            "size": "s-1vcpu-1gb",
            "ssh_keys": [
              "a2:8c:eb:c9:b0:88:10:ac:9a:91:17:0a:2d:f2:f8:f1"
            ],
            "status": "active",
            "tags": null,
            "timeouts": null,
            "urn": "do:droplet:388969467",
            "user_data": null,
            "vcpus": 1,
            "volume_ids": [],
            "vpc_uuid": "2501c24b-7699-4685-a74a-0fd75db1501e"
          },
          "sensitive_attributes": [],
          "private": "eyJlMmJmYjczMC1lY2FhLTExZTYtOGY4OC0zNDM2M2JjN2M0YzAiOnsiY3JlYXRlIjozNjAwMDAwMDAwMDAwLCJkZWxldGUiOjYwMDAwMDAwMDAwLCJ1cGRhdGUiOjM2MDAwMDAwMDAwMDB9LCJzY2hlbWFfdmVyc2lvbiI6IjEifQ==",
          "dependencies": [
            "digitalocean_ssh_key.ssh"
          ]
        }
      ]
    },
    {
      "mode": "managed",
      "type": "digitalocean_ssh_key",
      "name": "ssh",
      "provider": "provider[\"registry.terraform.io/digitalocean/digitalocean\"]",
      "instances": [
        {
          "schema_version": 0,
          "attributes": {
            "fingerprint": "a2:8c:eb:c9:b0:88:10:ac:9a:91:17:0a:2d:f2:f8:f1",
            "id": "40240984",
            "name": "Terraform",
            "public_key": "ssh-rsa AAAAB3NzaC1yc2EAAAADAQABAAABAQCgZlyg9aPUMWLhCHBTYiEybz6NGhMbiGkSyP+eWJfIN5WLr3OH3oY5V3edGy5pZ23IAREIxMpUlbKXcp5uAO8Wgzlp+RQPPbBJCRF0z8Ot1uHvOUowPypdspENwo8XgMuCBBnCYNShjWcFrrX9ESN29EQt6SlESKWcnSUy6zIaUsI8UfbTWw+HK2ZUBvVM19qxvfp+MSzwqDormHAeQQJxJlajqNhV4S1RhTV+b+C1pNmKdJ27HRpflhuKYIS9CjhJ1hxrnnGsEXiVzCZsYkRf1HvyM1PQ3CKB/zMpx5HK5qRHYqavxi8t5BO/gwt7luHkk3lwWGoZgTANGU/9NIgv alexandre@MBPdeAlexandre.localdomain\n"
          },
          "sensitive_attributes": [],
          "private": "bnVsbA=="
        }
      ]
    }
  ],
  "check_results": null
}
